{
  "requires": true,
  "lockfileVersion": 1,
  "dependencies": {
    "google-protobuf": {
      "version": "3.6.1",
      "resolved": "https://registry.npmjs.org/google-protobuf/-/google-protobuf-3.6.1.tgz",
      "integrity": "sha512-SJYemeX5GjDLPnadcmCNQePQHCS4Hl5fOcI/JawqDIYFhCmrtYAjcx/oTQx/Wi8UuCuZQhfvftbmPePPAYHFtA=="
    },
    "ts-protoc-gen": {
      "version": "0.7.6",
      "resolved": "https://registry.npmjs.org/ts-protoc-gen/-/ts-protoc-gen-0.7.6.tgz",
      "integrity": "sha512-PW0kzZT3jwqh1VE8Lijd9AOV4o1g9lUlHo4yyb/KDvMN5CZLyAlng/chWWyxYpGLxKY+8NsWDIqkeI7w2yRoJw==",
      "requires": {
        "google-protobuf": "^3.5.0"
      }
    }
  }
}
